// !$*UTF8*$!
{
	archiveVersion = 1;
	classes = {
	};
	objectVersion = 46;
	objects = {

/* Begin PBXBuildFile section */
		DE281B911A37ACBE0030A9FC /* AppDelegate.swift in Sources */ = {isa = PBXBuildFile; fileRef = DE281B901A37ACBE0030A9FC /* AppDelegate.swift */; };
		DE281B931A37ACBE0030A9FC /* ViewController.swift in Sources */ = {isa = PBXBuildFile; fileRef = DE281B921A37ACBE0030A9FC /* ViewController.swift */; };
		DE281B961A37ACBE0030A9FC /* Main.storyboard in Resources */ = {isa = PBXBuildFile; fileRef = DE281B941A37ACBE0030A9FC /* Main.storyboard */; };
		DE281B981A37ACBE0030A9FC /* Images.xcassets in Resources */ = {isa = PBXBuildFile; fileRef = DE281B971A37ACBE0030A9FC /* Images.xcassets */; };
		DE281B9B1A37ACBE0030A9FC /* LaunchScreen.xib in Resources */ = {isa = PBXBuildFile; fileRef = DE281B991A37ACBE0030A9FC /* LaunchScreen.xib */; };
		DE281BA71A37ACBE0030A9FC /* Web_ContentTests.swift in Sources */ = {isa = PBXBuildFile; fileRef = DE281BA61A37ACBE0030A9FC /* Web_ContentTests.swift */; };
/* End PBXBuildFile section */

/* Begin PBXContainerItemProxy section */
		DE281BA11A37ACBE0030A9FC /* PBXContainerItemProxy */ = {
			isa = PBXContainerItemProxy;
			containerPortal = DE281B831A37ACBE0030A9FC /* Project object */;
			proxyType = 1;
			remoteGlobalIDString = DE281B8A1A37ACBE0030A9FC;
			remoteInfo = "Web Content";
		};
/* End PBXContainerItemProxy section */

/* Begin PBXFileReference section */
		DE281B8B1A37ACBE0030A9FC /* Web Content.app */ = {isa = PBXFileReference; explicitFileType = wrapper.application; includeInIndex = 0; path = "Web Content.app"; sourceTree = BUILT_PRODUCTS_DIR; };
		DE281B8F1A37ACBE0030A9FC /* Info.plist */ = {isa = PBXFileReference; lastKnownFileType = text.plist.xml; path = Info.plist; sourceTree = "<group>"; };
		DE281B901A37ACBE0030A9FC /* AppDelegate.swift */ = {isa = PBXFileReference; lastKnownFileType = sourcecode.swift; path = AppDelegate.swift; sourceTree = "<group>"; };
		DE281B921A37ACBE0030A9FC /* ViewController.swift */ = {isa = PBXFileReference; lastKnownFileType = sourcecode.swift; path = ViewController.swift; sourceTree = "<group>"; };
		DE281B951A37ACBE0030A9FC /* Base */ = {isa = PBXFileReference; lastKnownFileType = file.storyboard; name = Base; path = Base.lproj/Main.storyboard; sourceTree = "<group>"; };
		DE281B971A37ACBE0030A9FC /* Images.xcassets */ = {isa = PBXFileReference; lastKnownFileType = folder.assetcatalog; path = Images.xcassets; sourceTree = "<group>"; };
		DE281B9A1A37ACBE0030A9FC /* Base */ = {isa = PBXFileReference; lastKnownFileType = file.xib; name = Base; path = Base.lproj/LaunchScreen.xib; sourceTree = "<group>"; };
		DE281BA01A37ACBE0030A9FC /* Web ContentTests.xctest */ = {isa = PBXFileReference; explicitFileType = wrapper.cfbundle; includeInIndex = 0; path = "Web ContentTests.xctest"; sourceTree = BUILT_PRODUCTS_DIR; };
		DE281BA51A37ACBE0030A9FC /* Info.plist */ = {isa = PBXFileReference; lastKnownFileType = text.plist.xml; path = Info.plist; sourceTree = "<group>"; };
		DE281BA61A37ACBE0030A9FC /* Web_ContentTests.swift */ = {isa = PBXFileReference; lastKnownFileType = sourcecode.swift; path = Web_ContentTests.swift; sourceTree = "<group>"; };
/* End PBXFileReference section */

/* Begin PBXFrameworksBuildPhase section */
		DE281B881A37ACBE0030A9FC /* Frameworks */ = {
			isa = PBXFrameworksBuildPhase;
			buildActionMask = 2147483647;
			files = (
			);
			runOnlyForDeploymentPostprocessing = 0;
		};
		DE281B9D1A37ACBE0030A9FC /* Frameworks */ = {
			isa = PBXFrameworksBuildPhase;
			buildActionMask = 2147483647;
			files = (
			);
			runOnlyForDeploymentPostprocessing = 0;
		};
/* End PBXFrameworksBuildPhase section */

/* Begin PBXGroup section */
		DE281B821A37ACBE0030A9FC = {
			isa = PBXGroup;
			children = (
				DE281B8D1A37ACBE0030A9FC /* Web Content */,
				DE281BA31A37ACBE0030A9FC /* Web ContentTests */,
				DE281B8C1A37ACBE0030A9FC /* Products */,
			);
			sourceTree = "<group>";
		};
		DE281B8C1A37ACBE0030A9FC /* Products */ = {
			isa = PBXGroup;
			children = (
				DE281B8B1A37ACBE0030A9FC /* Web Content.app */,
				DE281BA01A37ACBE0030A9FC /* Web ContentTests.xctest */,
			);
			name = Products;
			sourceTree = "<group>";
		};
		DE281B8D1A37ACBE0030A9FC /* Web Content */ = {
			isa = PBXGroup;
			children = (
				DE281B901A37ACBE0030A9FC /* AppDelegate.swift */,
				DE281B921A37ACBE0030A9FC /* ViewController.swift */,
				DE281B941A37ACBE0030A9FC /* Main.storyboard */,
				DE281B971A37ACBE0030A9FC /* Images.xcassets */,
				DE281B991A37ACBE0030A9FC /* LaunchScreen.xib */,
				DE281B8E1A37ACBE0030A9FC /* Supporting Files */,
			);
			path = "Web Content";
			sourceTree = "<group>";
		};
		DE281B8E1A37ACBE0030A9FC /* Supporting Files */ = {
			isa = PBXGroup;
			children = (
				DE281B8F1A37ACBE0030A9FC /* Info.plist */,
			);
			name = "Supporting Files";
			sourceTree = "<group>";
		};
		DE281BA31A37ACBE0030A9FC /* Web ContentTests */ = {
			isa = PBXGroup;
			children = (
				DE281BA61A37ACBE0030A9FC /* Web_ContentTests.swift */,
				DE281BA41A37ACBE0030A9FC /* Supporting Files */,
			);
			path = "Web ContentTests";
			sourceTree = "<group>";
		};
		DE281BA41A37ACBE0030A9FC /* Supporting Files */ = {
			isa = PBXGroup;
			children = (
				DE281BA51A37ACBE0030A9FC /* Info.plist */,
			);
			name = "Supporting Files";
			sourceTree = "<group>";
		};
/* End PBXGroup section */

/* Begin PBXNativeTarget section */
		DE281B8A1A37ACBE0030A9FC /* Web Content */ = {
			isa = PBXNativeTarget;
			buildConfigurationList = DE281BAA1A37ACBE0030A9FC /* Build configuration list for PBXNativeTarget "Web Content" */;
			buildPhases = (
				DE281B871A37ACBE0030A9FC /* Sources */,
				DE281B881A37ACBE0030A9FC /* Frameworks */,
				DE281B891A37ACBE0030A9FC /* Resources */,
			);
			buildRules = (
			);
			dependencies = (
			);
			name = "Web Content";
			productName = "Web Content";
			productReference = DE281B8B1A37ACBE0030A9FC /* Web Content.app */;
			productType = "com.apple.product-type.application";
		};
		DE281B9F1A37ACBE0030A9FC /* Web ContentTests */ = {
			isa = PBXNativeTarget;
			buildConfigurationList = DE281BAD1A37ACBE0030A9FC /* Build configuration list for PBXNativeTarget "Web ContentTests" */;
			buildPhases = (
				DE281B9C1A37ACBE0030A9FC /* Sources */,
				DE281B9D1A37ACBE0030A9FC /* Frameworks */,
				DE281B9E1A37ACBE0030A9FC /* Resources */,
			);
			buildRules = (
			);
			dependencies = (
				DE281BA21A37ACBE0030A9FC /* PBXTargetDependency */,
			);
			name = "Web ContentTests";
			productName = "Web ContentTests";
			productReference = DE281BA01A37ACBE0030A9FC /* Web ContentTests.xctest */;
			productType = "com.apple.product-type.bundle.unit-test";
		};
/* End PBXNativeTarget section */

/* Begin PBXProject section */
		DE281B831A37ACBE0030A9FC /* Project object */ = {
			isa = PBXProject;
			attributes = {
				LastUpgradeCheck = 0610;
				ORGANIZATIONNAME = "Talha Qamar";
				TargetAttributes = {
					DE281B8A1A37ACBE0030A9FC = {
						CreatedOnToolsVersion = 6.1;
					};
					DE281B9F1A37ACBE0030A9FC = {
						CreatedOnToolsVersion = 6.1;
						TestTargetID = DE281B8A1A37ACBE0030A9FC;
					};
				};
			};
			buildConfigurationList = DE281B861A37ACBE0030A9FC /* Build configuration list for PBXProject "Web Content" */;
			compatibilityVersion = "Xcode 3.2";
			developmentRegion = English;
			hasScannedForEncodings = 0;
			knownRegions = (
				en,
				Base,
			);
			mainGroup = DE281B821A37ACBE0030A9FC;
			productRefGroup = DE281B8C1A37ACBE0030A9FC /* Products */;
			projectDirPath = "";
			projectRoot = "";
			targets = (
				DE281B8A1A37ACBE0030A9FC /* Web Content */,
				DE281B9F1A37ACBE0030A9FC /* Web ContentTests */,
			);
		};
/* End PBXProject section */

/* Begin PBXResourcesBuildPhase section */
		DE281B891A37ACBE0030A9FC /* Resources */ = {
			isa = PBXResourcesBuildPhase;
			buildActionMask = 2147483647;
			files = (
				DE281B961A37ACBE0030A9FC /* Main.storyboard in Resources */,
				DE281B9B1A37ACBE0030A9FC /* LaunchScreen.xib in Resources */,
				DE281B981A37ACBE0030A9FC /* Images.xcassets in Resources */,
			);
			runOnlyForDeploymentPostprocessing = 0;
		};
		DE281B9E1A37ACBE0030A9FC /* Resources */ = {
			isa = PBXResourcesBuildPhase;
			buildActionMask = 2147483647;
			files = (
			);
			runOnlyForDeploymentPostprocessing = 0;
		};
/* End PBXResourcesBuildPhase section */

/* Begin PBXSourcesBuildPhase section */
		DE281B871A37ACBE0030A9FC /* Sources */ = {
			isa = PBXSourcesBuildPhase;
			buildActionMask = 2147483647;
			files = (
				DE281B931A37ACBE0030A9FC /* ViewController.swift in Sources */,
				DE281B911A37ACBE0030A9FC /* AppDelegate.swift in Sources */,
			);
			runOnlyForDeploymentPostprocessing = 0;
		};
		DE281B9C1A37ACBE0030A9FC /* Sources */ = {
			isa = PBXSourcesBuildPhase;
			buildActionMask = 2147483647;
			files = (
				DE281BA71A37ACBE0030A9FC /* Web_ContentTests.swift in Sources */,
			);
			runOnlyForDeploymentPostprocessing = 0;
		};
/* End PBXSourcesBuildPhase section */

/* Begin PBXTargetDependency section */
		DE281BA21A37ACBE0030A9FC /* PBXTargetDependency */ = {
			isa = PBXTargetDependency;
			target = DE281B8A1A37ACBE0030A9FC /* Web Content */;
			targetProxy = DE281BA11A37ACBE0030A9FC /* PBXContainerItemProxy */;
		};
/* End PBXTargetDependency section */

/* Begin PBXVariantGroup section */
		DE281B941A37ACBE0030A9FC /* Main.storyboard */ = {
			isa = PBXVariantGroup;
			children = (
				DE281B951A37ACBE0030A9FC /* Base */,
			);
			name = Main.storyboard;
			sourceTree = "<group>";
		};
		DE281B991A37ACBE0030A9FC /* LaunchScreen.xib */ = {
			isa = PBXVariantGroup;
			children = (
				DE281B9A1A37ACBE0030A9FC /* Base */,
			);
			name = LaunchScreen.xib;
			sourceTree = "<group>";
		};
/* End PBXVariantGroup section */

/* Begin XCBuildConfiguration section */
		DE281BA81A37ACBE0030A9FC /* Debug */ = {
			isa = XCBuildConfiguration;
			buildSettings = {
				ALWAYS_SEARCH_USER_PATHS = NO;
				CLANG_CXX_LANGUAGE_STANDARD = "gnu++0x";
				CLANG_CXX_LIBRARY = "libc++";
				CLANG_ENABLE_MODULES = YES;
				CLANG_ENABLE_OBJC_ARC = YES;
				CLANG_WARN_BOOL_CONVERSION = YES;
				CLANG_WARN_CONSTANT_CONVERSION = YES;
				CLANG_WARN_DIRECT_OBJC_ISA_USAGE = YES_ERROR;
				CLANG_WARN_EMPTY_BODY = YES;
				CLANG_WARN_ENUM_CONVERSION = YES;
				CLANG_WARN_INT_CONVERSION = YES;
				CLANG_WARN_OBJC_ROOT_CLASS = YES_ERROR;
				CLANG_WARN_UNREACHABLE_CODE = YES;
				CLANG_WARN__DUPLICATE_METHOD_MATCH = YES;
				"CODE_SIGN_IDENTITY[sdk=iphoneos*]" = "iPhone Developer";
				COPY_PHASE_STRIP = NO;
				ENABLE_STRICT_OBJC_MSGSEND = YES;
				GCC_C_LANGUAGE_STANDARD = gnu99;
				GCC_DYNAMIC_NO_PIC = NO;
				GCC_OPTIMIZATION_LEVEL = 0;
				GCC_PREPROCESSOR_DEFINITIONS = (
					"DEBUG=1",
					"$(inherited)",
				);
				GCC_SYMBOLS_PRIVATE_EXTERN = NO;
				GCC_WARN_64_TO_32_BIT_CONVERSION = YES;
				GCC_WARN_ABOUT_RETURN_TYPE = YES_ERROR;
				GCC_WARN_UNDECLARED_SELECTOR = YES;
				GCC_WARN_UNINITIALIZED_AUTOS = YES_AGGRESSIVE;
				GCC_WARN_UNUSED_FUNCTION = YES;
				GCC_WARN_UNUSED_VARIABLE = YES;
				IPHONEOS_DEPLOYMENT_TARGET = 8.0;
				MTL_ENABLE_DEBUG_INFO = YES;
				ONLY_ACTIVE_ARCH = YES;
				SDKROOT = iphoneos;
				SWIFT_OPTIMIZATION_LEVEL = "-Onone";
			};
			name = Debug;
		};
		DE281BA91A37ACBE0030A9FC /* Release */ = {
			isa = XCBuildConfiguration;
			buildSettings = {
				ALWAYS_SEARCH_USER_PATHS = NO;
				CLANG_CXX_LANGUAGE_STANDARD = "gnu++0x";
				CLANG_CXX_LIBRARY = "libc++";
				CLANG_ENABLE_MODULES = YES;
				CLANG_ENABLE_OBJC_ARC = YES;
				CLANG_WARN_BOOL_CONVERSION = YES;
				CLANG_WARN_CONSTANT_CONVERSION = YES;
				CLANG_WARN_DIRECT_OBJC_ISA_USAGE = YES_ERROR;
				CLANG_WARN_EMPTY_BODY = YES;
				CLANG_WARN_ENUM_CONVERSION = YES;
				CLANG_WARN_INT_CONVERSION = YES;
				CLANG_WARN_OBJC_ROOT_CLASS = YES_ERROR;
				CLANG_WARN_UNREACHABLE_CODE = YES;
				CLANG_WARN__DUPLICATE_METHOD_MATCH = YES;
				"CODE_SIGN_IDENTITY[sdk=iphoneos*]" = "iPhone Developer";
				COPY_PHASE_STRIP = YES;
				ENABLE_NS_ASSERTIONS = NO;
				ENABLE_STRICT_OBJC_MSGSEND = YES;
				GCC_C_LANGUAGE_STANDARD = gnu99;
				GCC_WARN_64_TO_32_BIT_CONVERSION = YES;
				GCC_WARN_ABOUT_RETURN_TYPE = YES_ERROR;
				GCC_WARN_UNDECLARED_SELECTOR = YES;
				GCC_WARN_UNINITIALIZED_AUTOS = YES_AGGRESSIVE;
				GCC_WARN_UNUSED_FUNCTION = YES;
				GCC_WARN_UNUSED_VARIABLE = YES;
				IPHONEOS_DEPLOYMENT_TARGET = 8.0;
				MTL_ENABLE_DEBUG_INFO = NO;
				SDKROOT = iphoneos;
				VALIDATE_PRODUCT = YES;
			};
			name = Release;
		};
		DE281BAB1A37ACBE0030A9FC /* Debug */ = {
			isa = XCBuildConfiguration;
			buildSettings = {
				ASSETCATALOG_COMPILER_APPICON_NAME = AppIcon;
				INFOPLIST_FILE = "Web Content/Info.plist";
				LD_RUNPATH_SEARCH_PATHS = "$(inherited) @executable_path/Frameworks";
				PRODUCT_NAME = "$(TARGET_NAME)";
			};
			name = Debug;
		};
		DE281BAC1A37ACBE0030A9FC /* Release */ = {
			isa = XCBuildConfiguration;
			buildSettings = {
				ASSETCATALOG_COMPILER_APPICON_NAME = AppIcon;
				INFOPLIST_FILE = "Web Content/Info.plist";
				LD_RUNPATH_SEARCH_PATHS = "$(inherited) @executable_path/Frameworks";
				PRODUCT_NAME = "$(TARGET_NAME)";
			};
			name = Release;
		};
		DE281BAE1A37ACBE0030A9FC /* Debug */ = {
			isa = XCBuildConfiguration;
			buildSettings = {
				BUNDLE_LOADER = "$(TEST_HOST)";
				FRAMEWORK_SEARCH_PATHS = (
					"$(SDKROOT)/Developer/Library/Frameworks",
					"$(inherited)",
				);
				GCC_PREPROCESSOR_DEFINITIONS = (
					"DEBUG=1",
					"$(inherited)",
				);
				INFOPLIST_FILE = "Web ContentTests/Info.plist";
				LD_RUNPATH_SEARCH_PATHS = "$(inherited) @executable_path/Frameworks @loader_path/Frameworks";
				PRODUCT_NAME = "$(TARGET_NAME)";
				TEST_HOST = "$(BUILT_PRODUCTS_DIR)/Web Content.app/Web Content";
			};
			name = Debug;
		};
		DE281BAF1A37ACBE0030A9FC /* Release */ = {
			isa = XCBuildConfiguration;
			buildSettings = {
				BUNDLE_LOADER = "$(TEST_HOST)";
				FRAMEWORK_SEARCH_PATHS = (
					"$(SDKROOT)/Developer/Library/Frameworks",
					"$(inherited)",
				);
				INFOPLIST_FILE = "Web ContentTests/Info.plist";
				LD_RUNPATH_SEARCH_PATHS = "$(inherited) @executable_path/Frameworks @loader_path/Frameworks";
				PRODUCT_NAME = "$(TARGET_NAME)";
				TEST_HOST = "$(BUILT_PRODUCTS_DIR)/Web Content.app/Web Content";
			};
			name = Release;
		};
/* End XCBuildConfiguration section */

/* Begin XCConfigurationList section */
		DE281B861A37ACBE0030A9FC /* Build configuration list for PBXProject "Web Content" */ = {
			isa = XCConfigurationList;
			buildConfigurations = (
				DE281BA81A37ACBE0030A9FC /* Debug */,
				DE281BA91A37ACBE0030A9FC /* Release */,
			);
			defaultConfigurationIsVisible = 0;
			defaultConfigurationName = Release;
		};
		DE281BAA1A37ACBE0030A9FC /* Build configuration list for PBXNativeTarget "Web Content" */ = {
			isa = XCConfigurationList;
			buildConfigurations = (
				DE281BAB1A37ACBE0030A9FC /* Debug */,
				DE281BAC1A37ACBE0030A9FC /* Release */,
			);
			defaultConfigurationIsVisible = 0;
		};
		DE281BAD1A37ACBE0030A9FC /* Build configuration list for PBXNativeTarget "Web ContentTests" */ = {
			isa = XCConfigurationList;
			buildConfigurations = (
				DE281BAE1A37ACBE0030A9FC /* Debug */,
				DE281BAF1A37ACBE0030A9FC /* Release */,
			);
			defaultConfigurationIsVisible = 0;
		};
/* End XCConfigurationList section */
	};
	rootObject = DE281B831A37ACBE0030A9FC /* Project object */;
}
